
Microsoft Visual Studio Solution File, Format Version 12.00
# Visual Studio 15
VisualStudioVersion = 15.0.27428.2015
MinimumVisualStudioVersion = 10.0.40219.1
Project("{FAE04EC0-301F-11D3-BF4B-00C04F79EFBC}") = "MyGuidApp", "MyGuidApp\MyGuidApp.csproj", "{89C90A42-C543-4FEE-AC9C-DF325DE2C15B}"
EndProject
Global
	GlobalSection(SolutionConfigurationPlatforms) = preSolution
		Debug|Any CPU = Debug|Any CPU
		Release|Any CPU = Release|Any CPU
	EndGlobalSection
	GlobalSection(ProjectConfigurationPlatforms) = postSolution
		{89C90A42-C543-4FEE-AC9C-DF325DE2C15B}.Debug|Any CPU.ActiveCfg = Debug|Any CPU
		{89C90A42-C543-4FEE-AC9C-DF325DE2C15B}.Debug|Any CPU.Build.0 = Debug|Any CPU
		{89C90A42-C543-4FEE-AC9C-DF325DE2C15B}.Release|Any CPU.ActiveCfg = Release|Any CPU
		{89C90A42-C543-4FEE-AC9C-DF325DE2C15B}.Release|Any CPU.Build.0 = Release|Any CPU
	EndGlobalSection
	GlobalSection(SolutionProperties) = preSolution
		HideSolutionNode = FALSE
	EndGlobalSection
	GlobalSection(ExtensibilityGlobals) = postSolution
		SolutionGuid = {FBA9426A-D83F-46EB-AA28-D2A3D719B719}
	EndGlobalSection
EndGlobal
