
Microsoft Visual Studio Solution File, Format Version 12.00
# Visual Studio Version 16
VisualStudioVersion = 16.0.29806.167
MinimumVisualStudioVersion = 10.0.40219.1
Project("{E24C65DC-7377-472B-9ABA-BC803B73C61A}") = "_demo_es6_promises", ".", "{DB863F00-3E5D-4155-B7EE-F76A7FD53AF2}"
	ProjectSection(WebsiteProperties) = preProject
		TargetFrameworkMoniker = ".NETFramework,Version%3Dv4.0"
		Debug.AspNetCompiler.VirtualPath = "/localhost_50658"
		Debug.AspNetCompiler.PhysicalPath = "..\_demo_es6_promises\"
		Debug.AspNetCompiler.TargetPath = "PrecompiledWeb\localhost_50658\"
		Debug.AspNetCompiler.Updateable = "true"
		Debug.AspNetCompiler.ForceOverwrite = "true"
		Debug.AspNetCompiler.FixedNames = "false"
		Debug.AspNetCompiler.Debug = "True"
		Release.AspNetCompiler.VirtualPath = "/localhost_50658"
		Release.AspNetCompiler.PhysicalPath = "..\_demo_es6_promises\"
		Release.AspNetCompiler.TargetPath = "PrecompiledWeb\localhost_50658\"
		Release.AspNetCompiler.Updateable = "true"
		Release.AspNetCompiler.ForceOverwrite = "true"
		Release.AspNetCompiler.FixedNames = "false"
		Release.AspNetCompiler.Debug = "False"
		VWDPort = "50658"
		SlnRelativePath = "..\_demo_es6_promises\"
	EndProjectSection
EndProject
Global
	GlobalSection(SolutionConfigurationPlatforms) = preSolution
		Debug|Any CPU = Debug|Any CPU
	EndGlobalSection
	GlobalSection(ProjectConfigurationPlatforms) = postSolution
		{DB863F00-3E5D-4155-B7EE-F76A7FD53AF2}.Debug|Any CPU.ActiveCfg = Debug|Any CPU
		{DB863F00-3E5D-4155-B7EE-F76A7FD53AF2}.Debug|Any CPU.Build.0 = Debug|Any CPU
	EndGlobalSection
	GlobalSection(SolutionProperties) = preSolution
		HideSolutionNode = FALSE
	EndGlobalSection
	GlobalSection(ExtensibilityGlobals) = postSolution
		SolutionGuid = {2FA5FBF8-26EF-43C3-BFF2-DCB9729C08EE}
	EndGlobalSection
EndGlobal
