
Microsoft Visual Studio Solution File, Format Version 12.00
# Visual Studio 15
VisualStudioVersion = 15.0.27004.2008
MinimumVisualStudioVersion = 10.0.40219.1
Project("{E24C65DC-7377-472B-9ABA-BC803B73C61A}") = "TypeScript-Knockout-Starter-master", "..\TypeScript-Knockout-Starter-master", "{1941763D-9973-4138-9594-051DC0B95130}"
	ProjectSection(WebsiteProperties) = preProject
		TargetFrameworkMoniker = ".NETFramework,Version%3Dv4.0"
		Debug.AspNetCompiler.VirtualPath = "/localhost_53762"
		Debug.AspNetCompiler.PhysicalPath = "D:\_git\General-Prototyping\TypeScript-Knockout-Starter-master\"
		Debug.AspNetCompiler.TargetPath = "PrecompiledWeb\localhost_53762\"
		Debug.AspNetCompiler.Updateable = "true"
		Debug.AspNetCompiler.ForceOverwrite = "true"
		Debug.AspNetCompiler.FixedNames = "false"
		Debug.AspNetCompiler.Debug = "True"
		Release.AspNetCompiler.VirtualPath = "/localhost_53762"
		Release.AspNetCompiler.PhysicalPath = "D:\_git\General-Prototyping\TypeScript-Knockout-Starter-master\"
		Release.AspNetCompiler.TargetPath = "PrecompiledWeb\localhost_53762\"
		Release.AspNetCompiler.Updateable = "true"
		Release.AspNetCompiler.ForceOverwrite = "true"
		Release.AspNetCompiler.FixedNames = "false"
		Release.AspNetCompiler.Debug = "False"
		VWDPort = "53762"
	EndProjectSection
EndProject
Global
	GlobalSection(SolutionConfigurationPlatforms) = preSolution
		Debug|Any CPU = Debug|Any CPU
	EndGlobalSection
	GlobalSection(ProjectConfigurationPlatforms) = postSolution
		{1941763D-9973-4138-9594-051DC0B95130}.Debug|Any CPU.ActiveCfg = Debug|Any CPU
		{1941763D-9973-4138-9594-051DC0B95130}.Debug|Any CPU.Build.0 = Debug|Any CPU
	EndGlobalSection
	GlobalSection(SolutionProperties) = preSolution
		HideSolutionNode = FALSE
	EndGlobalSection
	GlobalSection(ExtensibilityGlobals) = postSolution
		SolutionGuid = {C1E1D285-EF36-432D-A886-B6604D386EC6}
	EndGlobalSection
EndGlobal
